
Microsoft Visual Studio Solution File, Format Version 12.00
# Visual Studio Version 17
VisualStudioVersion = 17.9.34728.123
MinimumVisualStudioVersion = 10.0.40219.1
Project("{FAE04EC0-301F-11D3-BF4B-00C04F79EFBC}") = "sgcv-backend", "sgcv-backend.csproj", "{6AB6EDC2-1857-42E8-A0E0-4D7E08581955}"
EndProject
Global
	GlobalSection(SolutionConfigurationPlatforms) = preSolution
		Debug|Any CPU = Debug|Any CPU
		Release|Any CPU = Release|Any CPU
	EndGlobalSection
	GlobalSection(ProjectConfigurationPlatforms) = postSolution
		{6AB6EDC2-1857-42E8-A0E0-4D7E08581955}.Debug|Any CPU.ActiveCfg = Debug|Any CPU
		{6AB6EDC2-1857-42E8-A0E0-4D7E08581955}.Debug|Any CPU.Build.0 = Debug|Any CPU
		{6AB6EDC2-1857-42E8-A0E0-4D7E08581955}.Release|Any CPU.ActiveCfg = Release|Any CPU
		{6AB6EDC2-1857-42E8-A0E0-4D7E08581955}.Release|Any CPU.Build.0 = Release|Any CPU
	EndGlobalSection
	GlobalSection(SolutionProperties) = preSolution
		HideSolutionNode = FALSE
	EndGlobalSection
	GlobalSection(ExtensibilityGlobals) = postSolution
		SolutionGuid = {D82577D7-19A7-431C-8005-D9D8E441D796}
	EndGlobalSection
EndGlobal
